
Microsoft Visual Studio Solution File, Format Version 12.00
# Visual Studio Version 17
VisualStudioVersion = 17.7.34009.444
MinimumVisualStudioVersion = 10.0.40219.1
Project("{9A19103F-16F7-4668-BE54-9A1E7A4F7556}") = "MemoryCards.WebApi", "MemoryCards.WebApi\MemoryCards.WebApi.csproj", "{129C8666-B9F8-4052-8C34-264F7FB35AB2}"
EndProject
Project("{9A19103F-16F7-4668-BE54-9A1E7A4F7556}") = "MemoryCards.Core", "MemoryCards.Core\MemoryCards.Core.csproj", "{12E4718F-ED19-44E5-BF1A-3694FABBC0FC}"
EndProject
Project("{9A19103F-16F7-4668-BE54-9A1E7A4F7556}") = "MemoryCards.Application", "MemoryCards.UseCases\MemoryCards.Application.csproj", "{F0BE05AC-904C-4455-B6AE-622635CB4CED}"
EndProject
Project("{9A19103F-16F7-4668-BE54-9A1E7A4F7556}") = "MemoryCards.Infrastructure", "MemoryCards.Infrastructure\MemoryCards.Infrastructure.csproj", "{E32FCD56-E72A-4C13-8168-3A8BA33D4D62}"
EndProject
Global
	GlobalSection(SolutionConfigurationPlatforms) = preSolution
		Debug|Any CPU = Debug|Any CPU
		Release|Any CPU = Release|Any CPU
	EndGlobalSection
	GlobalSection(ProjectConfigurationPlatforms) = postSolution
		{129C8666-B9F8-4052-8C34-264F7FB35AB2}.Debug|Any CPU.ActiveCfg = Debug|Any CPU
		{129C8666-B9F8-4052-8C34-264F7FB35AB2}.Debug|Any CPU.Build.0 = Debug|Any CPU
		{129C8666-B9F8-4052-8C34-264F7FB35AB2}.Release|Any CPU.ActiveCfg = Release|Any CPU
		{129C8666-B9F8-4052-8C34-264F7FB35AB2}.Release|Any CPU.Build.0 = Release|Any CPU
		{12E4718F-ED19-44E5-BF1A-3694FABBC0FC}.Debug|Any CPU.ActiveCfg = Debug|Any CPU
		{12E4718F-ED19-44E5-BF1A-3694FABBC0FC}.Debug|Any CPU.Build.0 = Debug|Any CPU
		{12E4718F-ED19-44E5-BF1A-3694FABBC0FC}.Release|Any CPU.ActiveCfg = Release|Any CPU
		{12E4718F-ED19-44E5-BF1A-3694FABBC0FC}.Release|Any CPU.Build.0 = Release|Any CPU
		{F0BE05AC-904C-4455-B6AE-622635CB4CED}.Debug|Any CPU.ActiveCfg = Debug|Any CPU
		{F0BE05AC-904C-4455-B6AE-622635CB4CED}.Debug|Any CPU.Build.0 = Debug|Any CPU
		{F0BE05AC-904C-4455-B6AE-622635CB4CED}.Release|Any CPU.ActiveCfg = Release|Any CPU
		{F0BE05AC-904C-4455-B6AE-622635CB4CED}.Release|Any CPU.Build.0 = Release|Any CPU
		{E32FCD56-E72A-4C13-8168-3A8BA33D4D62}.Debug|Any CPU.ActiveCfg = Debug|Any CPU
		{E32FCD56-E72A-4C13-8168-3A8BA33D4D62}.Debug|Any CPU.Build.0 = Debug|Any CPU
		{E32FCD56-E72A-4C13-8168-3A8BA33D4D62}.Release|Any CPU.ActiveCfg = Release|Any CPU
		{E32FCD56-E72A-4C13-8168-3A8BA33D4D62}.Release|Any CPU.Build.0 = Release|Any CPU
	EndGlobalSection
	GlobalSection(SolutionProperties) = preSolution
		HideSolutionNode = FALSE
	EndGlobalSection
	GlobalSection(ExtensibilityGlobals) = postSolution
		SolutionGuid = {21F66367-DCFF-4AFA-BB14-2D9FB88B6AD1}
	EndGlobalSection
EndGlobal
